// !$*UTF8*$!
{
	archiveVersion = 1;
	classes = {
	};
	objectVersion = 56;
	objects = {

/* Begin PBXBuildFile section */
		C4C0D7352A1CB8EB00FFE563 /* AppDelegate.swift in Sources */ = {isa = PBXBuildFile; fileRef = C4C0D7342A1CB8EB00FFE563 /* AppDelegate.swift */; };
		C4C0D7372A1CB8EB00FFE563 /* SceneDelegate.swift in Sources */ = {isa = PBXBuildFile; fileRef = C4C0D7362A1CB8EB00FFE563 /* SceneDelegate.swift */; };
		C4C0D7392A1CB8EB00FFE563 /* PlaylistViewController.swift in Sources */ = {isa = PBXBuildFile; fileRef = C4C0D7382A1CB8EB00FFE563 /* PlaylistViewController.swift */; };
		C4C0D73C2A1CB8EB00FFE563 /* PlaylistScreen.storyboard in Resources */ = {isa = PBXBuildFile; fileRef = C4C0D73A2A1CB8EB00FFE563 /* PlaylistScreen.storyboard */; };
		C4C0D73E2A1CB8F000FFE563 /* Assets.xcassets in Resources */ = {isa = PBXBuildFile; fileRef = C4C0D73D2A1CB8F000FFE563 /* Assets.xcassets */; };
		C4C0D7412A1CB8F000FFE563 /* LaunchScreen.storyboard in Resources */ = {isa = PBXBuildFile; fileRef = C4C0D73F2A1CB8F000FFE563 /* LaunchScreen.storyboard */; };
		C4C0D74C2A1CB8F000FFE563 /* PlaylistTests.swift in Sources */ = {isa = PBXBuildFile; fileRef = C4C0D74B2A1CB8F000FFE563 /* PlaylistTests.swift */; };
		C4C0D7562A1CB8F100FFE563 /* PlaylistUITests.swift in Sources */ = {isa = PBXBuildFile; fileRef = C4C0D7552A1CB8F100FFE563 /* PlaylistUITests.swift */; };
		C4C0D7582A1CB8F100FFE563 /* PlaylistUITestsLaunchTests.swift in Sources */ = {isa = PBXBuildFile; fileRef = C4C0D7572A1CB8F100FFE563 /* PlaylistUITestsLaunchTests.swift */; };
		C4C0D7662A1CDA7100FFE563 /* PlaylistViewModel.swift in Sources */ = {isa = PBXBuildFile; fileRef = C4C0D7652A1CDA7100FFE563 /* PlaylistViewModel.swift */; };
		C4C0D7682A1CE26D00FFE563 /* APIClient.swift in Sources */ = {isa = PBXBuildFile; fileRef = C4C0D7672A1CE26D00FFE563 /* APIClient.swift */; };
		C4C0D76B2A1CF47600FFE563 /* APIEndpoint.swift in Sources */ = {isa = PBXBuildFile; fileRef = C4C0D76A2A1CF47600FFE563 /* APIEndpoint.swift */; };
		C4C0D76E2A1CF52B00FFE563 /* Config.swift in Sources */ = {isa = PBXBuildFile; fileRef = C4C0D76D2A1CF52B00FFE563 /* Config.swift */; };
		C4C0D7702A1CF69F00FFE563 /* SongService.swift in Sources */ = {isa = PBXBuildFile; fileRef = C4C0D76F2A1CF69F00FFE563 /* SongService.swift */; };
		C4C0D7722A1CFA3B00FFE563 /* SongItemResponse.swift in Sources */ = {isa = PBXBuildFile; fileRef = C4C0D7712A1CFA3B00FFE563 /* SongItemResponse.swift */; };
		C4C0D7762A1CFAAA00FFE563 /* SongListResponse.swift in Sources */ = {isa = PBXBuildFile; fileRef = C4C0D7752A1CFAAA00FFE563 /* SongListResponse.swift */; };
		C4C0D7792A1D0E7700FFE563 /* SongServiceProtocol.swift in Sources */ = {isa = PBXBuildFile; fileRef = C4C0D7782A1D0E7700FFE563 /* SongServiceProtocol.swift */; };
		C4C0D77D2A1D153200FFE563 /* SongViewCell.swift in Sources */ = {isa = PBXBuildFile; fileRef = C4C0D77C2A1D153200FFE563 /* SongViewCell.swift */; };
		C4C0D77F2A1D314C00FFE563 /* SongState.swift in Sources */ = {isa = PBXBuildFile; fileRef = C4C0D77E2A1D314C00FFE563 /* SongState.swift */; };
		C4C0D7812A1D32FF00FFE563 /* SongCellViewModel.swift in Sources */ = {isa = PBXBuildFile; fileRef = C4C0D7802A1D32FF00FFE563 /* SongCellViewModel.swift */; };
		C4C0D7842A1D332F00FFE563 /* SongCellViewModelProtocol.swift in Sources */ = {isa = PBXBuildFile; fileRef = C4C0D7832A1D332F00FFE563 /* SongCellViewModelProtocol.swift */; };
		C4C0D7862A1D334C00FFE563 /* PlaylistViewModelProtocol.swift in Sources */ = {isa = PBXBuildFile; fileRef = C4C0D7852A1D334C00FFE563 /* PlaylistViewModelProtocol.swift */; };
		C4C0D7882A1D532200FFE563 /* DownloadFileManager.swift in Sources */ = {isa = PBXBuildFile; fileRef = C4C0D7872A1D532200FFE563 /* DownloadFileManager.swift */; };
		C4C0D78A2A1D623400FFE563 /* DownloadFileManagerProtocol.swift in Sources */ = {isa = PBXBuildFile; fileRef = C4C0D7892A1D623400FFE563 /* DownloadFileManagerProtocol.swift */; };
		C4C0D78E2A1DDBC200FFE563 /* Dependency.swift in Sources */ = {isa = PBXBuildFile; fileRef = C4C0D78D2A1DDBC200FFE563 /* Dependency.swift */; };
		C4C0D7902A1DECA400FFE563 /* AudioPlayerManager.swift in Sources */ = {isa = PBXBuildFile; fileRef = C4C0D78F2A1DECA400FFE563 /* AudioPlayerManager.swift */; };
		C4C0D7922A1DED0200FFE563 /* AudioPlayerManagerProtocol.swift in Sources */ = {isa = PBXBuildFile; fileRef = C4C0D7912A1DED0200FFE563 /* AudioPlayerManagerProtocol.swift */; };
		C4C0D7952A1E0B6A00FFE563 /* ProgressView.swift in Sources */ = {isa = PBXBuildFile; fileRef = C4C0D7942A1E0B6A00FFE563 /* ProgressView.swift */; };
		C4C0D7972A1E170900FFE563 /* SongViewCell.xib in Resources */ = {isa = PBXBuildFile; fileRef = C4C0D7962A1E170900FFE563 /* SongViewCell.xib */; };
		C4C0D7B52A1E4EE200FFE563 /* PersistenceManager.swift in Sources */ = {isa = PBXBuildFile; fileRef = C4C0D7B42A1E4EE200FFE563 /* PersistenceManager.swift */; };
		C4C0D7B72A1E4F2C00FFE563 /* PersistenceManagerProtocol.swift in Sources */ = {isa = PBXBuildFile; fileRef = C4C0D7B62A1E4F2C00FFE563 /* PersistenceManagerProtocol.swift */; };
		C4C0D7BA2A1E50D000FFE563 /* PlaylistDataModel.xcdatamodeld in Sources */ = {isa = PBXBuildFile; fileRef = C4C0D7B82A1E50D000FFE563 /* PlaylistDataModel.xcdatamodeld */; };
/* End PBXBuildFile section */

/* Begin PBXContainerItemProxy section */
		C4C0D7482A1CB8F000FFE563 /* PBXContainerItemProxy */ = {
			isa = PBXContainerItemProxy;
			containerPortal = C4C0D7292A1CB8EB00FFE563 /* Project object */;
			proxyType = 1;
			remoteGlobalIDString = C4C0D7302A1CB8EB00FFE563;
			remoteInfo = Playlist;
		};
		C4C0D7522A1CB8F000FFE563 /* PBXContainerItemProxy */ = {
			isa = PBXContainerItemProxy;
			containerPortal = C4C0D7292A1CB8EB00FFE563 /* Project object */;
			proxyType = 1;
			remoteGlobalIDString = C4C0D7302A1CB8EB00FFE563;
			remoteInfo = Playlist;
		};
/* End PBXContainerItemProxy section */

/* Begin PBXFileReference section */
		C4C0D7312A1CB8EB00FFE563 /* Playlist.app */ = {isa = PBXFileReference; explicitFileType = wrapper.application; includeInIndex = 0; path = Playlist.app; sourceTree = BUILT_PRODUCTS_DIR; };
		C4C0D7342A1CB8EB00FFE563 /* AppDelegate.swift */ = {isa = PBXFileReference; lastKnownFileType = sourcecode.swift; path = AppDelegate.swift; sourceTree = "<group>"; };
		C4C0D7362A1CB8EB00FFE563 /* SceneDelegate.swift */ = {isa = PBXFileReference; lastKnownFileType = sourcecode.swift; path = SceneDelegate.swift; sourceTree = "<group>"; };
		C4C0D7382A1CB8EB00FFE563 /* PlaylistViewController.swift */ = {isa = PBXFileReference; lastKnownFileType = sourcecode.swift; path = PlaylistViewController.swift; sourceTree = "<group>"; };
		C4C0D73B2A1CB8EB00FFE563 /* Base */ = {isa = PBXFileReference; lastKnownFileType = file.storyboard; name = Base; path = Base.lproj/PlaylistScreen.storyboard; sourceTree = "<group>"; };
		C4C0D73D2A1CB8F000FFE563 /* Assets.xcassets */ = {isa = PBXFileReference; lastKnownFileType = folder.assetcatalog; path = Assets.xcassets; sourceTree = "<group>"; };
		C4C0D7402A1CB8F000FFE563 /* Base */ = {isa = PBXFileReference; lastKnownFileType = file.storyboard; name = Base; path = Base.lproj/LaunchScreen.storyboard; sourceTree = "<group>"; };
		C4C0D7422A1CB8F000FFE563 /* Info.plist */ = {isa = PBXFileReference; lastKnownFileType = text.plist.xml; path = Info.plist; sourceTree = "<group>"; };
		C4C0D7472A1CB8F000FFE563 /* PlaylistTests.xctest */ = {isa = PBXFileReference; explicitFileType = wrapper.cfbundle; includeInIndex = 0; path = PlaylistTests.xctest; sourceTree = BUILT_PRODUCTS_DIR; };
		C4C0D74B2A1CB8F000FFE563 /* PlaylistTests.swift */ = {isa = PBXFileReference; lastKnownFileType = sourcecode.swift; path = PlaylistTests.swift; sourceTree = "<group>"; };
		C4C0D7512A1CB8F000FFE563 /* PlaylistUITests.xctest */ = {isa = PBXFileReference; explicitFileType = wrapper.cfbundle; includeInIndex = 0; path = PlaylistUITests.xctest; sourceTree = BUILT_PRODUCTS_DIR; };
		C4C0D7552A1CB8F100FFE563 /* PlaylistUITests.swift */ = {isa = PBXFileReference; lastKnownFileType = sourcecode.swift; path = PlaylistUITests.swift; sourceTree = "<group>"; };
		C4C0D7572A1CB8F100FFE563 /* PlaylistUITestsLaunchTests.swift */ = {isa = PBXFileReference; lastKnownFileType = sourcecode.swift; path = PlaylistUITestsLaunchTests.swift; sourceTree = "<group>"; };
		C4C0D7652A1CDA7100FFE563 /* PlaylistViewModel.swift */ = {isa = PBXFileReference; lastKnownFileType = sourcecode.swift; path = PlaylistViewModel.swift; sourceTree = "<group>"; };
		C4C0D7672A1CE26D00FFE563 /* APIClient.swift */ = {isa = PBXFileReference; lastKnownFileType = sourcecode.swift; path = APIClient.swift; sourceTree = "<group>"; };
		C4C0D76A2A1CF47600FFE563 /* APIEndpoint.swift */ = {isa = PBXFileReference; lastKnownFileType = sourcecode.swift; path = APIEndpoint.swift; sourceTree = "<group>"; };
		C4C0D76D2A1CF52B00FFE563 /* Config.swift */ = {isa = PBXFileReference; lastKnownFileType = sourcecode.swift; path = Config.swift; sourceTree = "<group>"; };
		C4C0D76F2A1CF69F00FFE563 /* SongService.swift */ = {isa = PBXFileReference; lastKnownFileType = sourcecode.swift; path = SongService.swift; sourceTree = "<group>"; };
		C4C0D7712A1CFA3B00FFE563 /* SongItemResponse.swift */ = {isa = PBXFileReference; lastKnownFileType = sourcecode.swift; path = SongItemResponse.swift; sourceTree = "<group>"; };
		C4C0D7752A1CFAAA00FFE563 /* SongListResponse.swift */ = {isa = PBXFileReference; lastKnownFileType = sourcecode.swift; path = SongListResponse.swift; sourceTree = "<group>"; };
		C4C0D7782A1D0E7700FFE563 /* SongServiceProtocol.swift */ = {isa = PBXFileReference; lastKnownFileType = sourcecode.swift; path = SongServiceProtocol.swift; sourceTree = "<group>"; };
		C4C0D77C2A1D153200FFE563 /* SongViewCell.swift */ = {isa = PBXFileReference; lastKnownFileType = sourcecode.swift; path = SongViewCell.swift; sourceTree = "<group>"; };
		C4C0D77E2A1D314C00FFE563 /* SongState.swift */ = {isa = PBXFileReference; lastKnownFileType = sourcecode.swift; path = SongState.swift; sourceTree = "<group>"; };
		C4C0D7802A1D32FF00FFE563 /* SongCellViewModel.swift */ = {isa = PBXFileReference; lastKnownFileType = sourcecode.swift; path = SongCellViewModel.swift; sourceTree = "<group>"; };
		C4C0D7832A1D332F00FFE563 /* SongCellViewModelProtocol.swift */ = {isa = PBXFileReference; lastKnownFileType = sourcecode.swift; path = SongCellViewModelProtocol.swift; sourceTree = "<group>"; };
		C4C0D7852A1D334C00FFE563 /* PlaylistViewModelProtocol.swift */ = {isa = PBXFileReference; lastKnownFileType = sourcecode.swift; path = PlaylistViewModelProtocol.swift; sourceTree = "<group>"; };
		C4C0D7872A1D532200FFE563 /* DownloadFileManager.swift */ = {isa = PBXFileReference; lastKnownFileType = sourcecode.swift; path = DownloadFileManager.swift; sourceTree = "<group>"; };
		C4C0D7892A1D623400FFE563 /* DownloadFileManagerProtocol.swift */ = {isa = PBXFileReference; lastKnownFileType = sourcecode.swift; path = DownloadFileManagerProtocol.swift; sourceTree = "<group>"; };
		C4C0D78D2A1DDBC200FFE563 /* Dependency.swift */ = {isa = PBXFileReference; lastKnownFileType = sourcecode.swift; path = Dependency.swift; sourceTree = "<group>"; };
		C4C0D78F2A1DECA400FFE563 /* AudioPlayerManager.swift */ = {isa = PBXFileReference; lastKnownFileType = sourcecode.swift; path = AudioPlayerManager.swift; sourceTree = "<group>"; };
		C4C0D7912A1DED0200FFE563 /* AudioPlayerManagerProtocol.swift */ = {isa = PBXFileReference; lastKnownFileType = sourcecode.swift; path = AudioPlayerManagerProtocol.swift; sourceTree = "<group>"; };
		C4C0D7942A1E0B6A00FFE563 /* ProgressView.swift */ = {isa = PBXFileReference; lastKnownFileType = sourcecode.swift; path = ProgressView.swift; sourceTree = "<group>"; };
		C4C0D7962A1E170900FFE563 /* SongViewCell.xib */ = {isa = PBXFileReference; lastKnownFileType = file.xib; path = SongViewCell.xib; sourceTree = "<group>"; };
		C4C0D7B42A1E4EE200FFE563 /* PersistenceManager.swift */ = {isa = PBXFileReference; lastKnownFileType = sourcecode.swift; path = PersistenceManager.swift; sourceTree = "<group>"; };
		C4C0D7B62A1E4F2C00FFE563 /* PersistenceManagerProtocol.swift */ = {isa = PBXFileReference; lastKnownFileType = sourcecode.swift; path = PersistenceManagerProtocol.swift; sourceTree = "<group>"; };
		C4C0D7B92A1E50D000FFE563 /* PlaylistDataModel.xcdatamodel */ = {isa = PBXFileReference; lastKnownFileType = wrapper.xcdatamodel; path = PlaylistDataModel.xcdatamodel; sourceTree = "<group>"; };
/* End PBXFileReference section */

/* Begin PBXFrameworksBuildPhase section */
		C4C0D72E2A1CB8EB00FFE563 /* Frameworks */ = {
			isa = PBXFrameworksBuildPhase;
			buildActionMask = 2147483647;
			files = (
			);
			runOnlyForDeploymentPostprocessing = 0;
		};
		C4C0D7442A1CB8F000FFE563 /* Frameworks */ = {
			isa = PBXFrameworksBuildPhase;
			buildActionMask = 2147483647;
			files = (
			);
			runOnlyForDeploymentPostprocessing = 0;
		};
		C4C0D74E2A1CB8F000FFE563 /* Frameworks */ = {
			isa = PBXFrameworksBuildPhase;
			buildActionMask = 2147483647;
			files = (
			);
			runOnlyForDeploymentPostprocessing = 0;
		};
/* End PBXFrameworksBuildPhase section */

/* Begin PBXGroup section */
		C4C0D7282A1CB8EB00FFE563 = {
			isa = PBXGroup;
			children = (
				C4C0D7332A1CB8EB00FFE563 /* Playlist */,
				C4C0D74A2A1CB8F000FFE563 /* PlaylistTests */,
				C4C0D7542A1CB8F100FFE563 /* PlaylistUITests */,
				C4C0D7322A1CB8EB00FFE563 /* Products */,
			);
			sourceTree = "<group>";
		};
		C4C0D7322A1CB8EB00FFE563 /* Products */ = {
			isa = PBXGroup;
			children = (
				C4C0D7312A1CB8EB00FFE563 /* Playlist.app */,
				C4C0D7472A1CB8F000FFE563 /* PlaylistTests.xctest */,
				C4C0D7512A1CB8F000FFE563 /* PlaylistUITests.xctest */,
			);
			name = Products;
			sourceTree = "<group>";
		};
		C4C0D7332A1CB8EB00FFE563 /* Playlist */ = {
			isa = PBXGroup;
			children = (
				C4C0D7342A1CB8EB00FFE563 /* AppDelegate.swift */,
				C4C0D7362A1CB8EB00FFE563 /* SceneDelegate.swift */,
				C4C0D7932A1E0B5500FFE563 /* CommonViews */,
				C4C0D7732A1CFA7200FFE563 /* Models */,
				C4C0D7692A1CE41000FFE563 /* Services */,
				C4C0D7642A1CDA2B00FFE563 /* PlaylistView */,
				C4C0D76C2A1CF50000FFE563 /* Utilities */,
				C4C0D73D2A1CB8F000FFE563 /* Assets.xcassets */,
				C4C0D73F2A1CB8F000FFE563 /* LaunchScreen.storyboard */,
				C4C0D7422A1CB8F000FFE563 /* Info.plist */,
				C4C0D7B82A1E50D000FFE563 /* PlaylistDataModel.xcdatamodeld */,
			);
			path = Playlist;
			sourceTree = "<group>";
		};
		C4C0D74A2A1CB8F000FFE563 /* PlaylistTests */ = {
			isa = PBXGroup;
			children = (
				C4C0D74B2A1CB8F000FFE563 /* PlaylistTests.swift */,
			);
			path = PlaylistTests;
			sourceTree = "<group>";
		};
		C4C0D7542A1CB8F100FFE563 /* PlaylistUITests */ = {
			isa = PBXGroup;
			children = (
				C4C0D7552A1CB8F100FFE563 /* PlaylistUITests.swift */,
				C4C0D7572A1CB8F100FFE563 /* PlaylistUITestsLaunchTests.swift */,
			);
			path = PlaylistUITests;
			sourceTree = "<group>";
		};
		C4C0D7642A1CDA2B00FFE563 /* PlaylistView */ = {
			isa = PBXGroup;
			children = (
				C4C0D73A2A1CB8EB00FFE563 /* PlaylistScreen.storyboard */,
				C4C0D77B2A1D14D500FFE563 /* ViewModels */,
				C4C0D77A2A1D14CF00FFE563 /* Views */,
			);
			path = PlaylistView;
			sourceTree = "<group>";
		};
		C4C0D7692A1CE41000FFE563 /* Services */ = {
			isa = PBXGroup;
			children = (
				C4C0D7672A1CE26D00FFE563 /* APIClient.swift */,
				C4C0D76A2A1CF47600FFE563 /* APIEndpoint.swift */,
				C4C0D76F2A1CF69F00FFE563 /* SongService.swift */,
				C4C0D7872A1D532200FFE563 /* DownloadFileManager.swift */,
				C4C0D78F2A1DECA400FFE563 /* AudioPlayerManager.swift */,
				C4C0D7B42A1E4EE200FFE563 /* PersistenceManager.swift */,
				C4C0D7772A1CFBFC00FFE563 /* Protocols */,
				C4C0D7742A1CFA8300FFE563 /* Responses */,
			);
			path = Services;
			sourceTree = "<group>";
		};
		C4C0D76C2A1CF50000FFE563 /* Utilities */ = {
			isa = PBXGroup;
			children = (
				C4C0D76D2A1CF52B00FFE563 /* Config.swift */,
				C4C0D78D2A1DDBC200FFE563 /* Dependency.swift */,
			);
			path = Utilities;
			sourceTree = "<group>";
		};
		C4C0D7732A1CFA7200FFE563 /* Models */ = {
			isa = PBXGroup;
			children = (
				C4C0D77E2A1D314C00FFE563 /* SongState.swift */,
			);
			path = Models;
			sourceTree = "<group>";
		};
		C4C0D7742A1CFA8300FFE563 /* Responses */ = {
			isa = PBXGroup;
			children = (
				C4C0D7752A1CFAAA00FFE563 /* SongListResponse.swift */,
				C4C0D7712A1CFA3B00FFE563 /* SongItemResponse.swift */,
			);
			path = Responses;
			sourceTree = "<group>";
		};
		C4C0D7772A1CFBFC00FFE563 /* Protocols */ = {
			isa = PBXGroup;
			children = (
				C4C0D7782A1D0E7700FFE563 /* SongServiceProtocol.swift */,
				C4C0D7892A1D623400FFE563 /* DownloadFileManagerProtocol.swift */,
				C4C0D7912A1DED0200FFE563 /* AudioPlayerManagerProtocol.swift */,
				C4C0D7B62A1E4F2C00FFE563 /* PersistenceManagerProtocol.swift */,
			);
			path = Protocols;
			sourceTree = "<group>";
		};
		C4C0D77A2A1D14CF00FFE563 /* Views */ = {
			isa = PBXGroup;
			children = (
				C4C0D7382A1CB8EB00FFE563 /* PlaylistViewController.swift */,
			);
			path = Views;
			sourceTree = "<group>";
		};
		C4C0D77B2A1D14D500FFE563 /* ViewModels */ = {
			isa = PBXGroup;
			children = (
				C4C0D7822A1D331D00FFE563 /* Protocols */,
				C4C0D7652A1CDA7100FFE563 /* PlaylistViewModel.swift */,
			);
			path = ViewModels;
			sourceTree = "<group>";
		};
		C4C0D7822A1D331D00FFE563 /* Protocols */ = {
			isa = PBXGroup;
			children = (
				C4C0D7852A1D334C00FFE563 /* PlaylistViewModelProtocol.swift */,
			);
			path = Protocols;
			sourceTree = "<group>";
		};
		C4C0D7932A1E0B5500FFE563 /* CommonViews */ = {
			isa = PBXGroup;
			children = (
				C4C0D7942A1E0B6A00FFE563 /* ProgressView.swift */,
				C4C0D7982A1E24C500FFE563 /* SongViewCell */,
			);
			path = CommonViews;
			sourceTree = "<group>";
		};
		C4C0D7982A1E24C500FFE563 /* SongViewCell */ = {
			isa = PBXGroup;
			children = (
				C4C0D7832A1D332F00FFE563 /* SongCellViewModelProtocol.swift */,
				C4C0D7802A1D32FF00FFE563 /* SongCellViewModel.swift */,
				C4C0D77C2A1D153200FFE563 /* SongViewCell.swift */,
				C4C0D7962A1E170900FFE563 /* SongViewCell.xib */,
			);
			path = SongViewCell;
			sourceTree = "<group>";
		};
/* End PBXGroup section */

/* Begin PBXNativeTarget section */
		C4C0D7302A1CB8EB00FFE563 /* Playlist */ = {
			isa = PBXNativeTarget;
			buildConfigurationList = C4C0D75B2A1CB8F100FFE563 /* Build configuration list for PBXNativeTarget "Playlist" */;
			buildPhases = (
				C4C0D72D2A1CB8EB00FFE563 /* Sources */,
				C4C0D72E2A1CB8EB00FFE563 /* Frameworks */,
				C4C0D72F2A1CB8EB00FFE563 /* Resources */,
			);
			buildRules = (
			);
			dependencies = (
			);
			name = Playlist;
			productName = Playlist;
			productReference = C4C0D7312A1CB8EB00FFE563 /* Playlist.app */;
			productType = "com.apple.product-type.application";
		};
		C4C0D7462A1CB8F000FFE563 /* PlaylistTests */ = {
			isa = PBXNativeTarget;
			buildConfigurationList = C4C0D75E2A1CB8F100FFE563 /* Build configuration list for PBXNativeTarget "PlaylistTests" */;
			buildPhases = (
				C4C0D7432A1CB8F000FFE563 /* Sources */,
				C4C0D7442A1CB8F000FFE563 /* Frameworks */,
				C4C0D7452A1CB8F000FFE563 /* Resources */,
			);
			buildRules = (
			);
			dependencies = (
				C4C0D7492A1CB8F000FFE563 /* PBXTargetDependency */,
			);
			name = PlaylistTests;
			productName = PlaylistTests;
			productReference = C4C0D7472A1CB8F000FFE563 /* PlaylistTests.xctest */;
			productType = "com.apple.product-type.bundle.unit-test";
		};
		C4C0D7502A1CB8F000FFE563 /* PlaylistUITests */ = {
			isa = PBXNativeTarget;
			buildConfigurationList = C4C0D7612A1CB8F100FFE563 /* Build configuration list for PBXNativeTarget "PlaylistUITests" */;
			buildPhases = (
				C4C0D74D2A1CB8F000FFE563 /* Sources */,
				C4C0D74E2A1CB8F000FFE563 /* Frameworks */,
				C4C0D74F2A1CB8F000FFE563 /* Resources */,
			);
			buildRules = (
			);
			dependencies = (
				C4C0D7532A1CB8F000FFE563 /* PBXTargetDependency */,
			);
			name = PlaylistUITests;
			productName = PlaylistUITests;
			productReference = C4C0D7512A1CB8F000FFE563 /* PlaylistUITests.xctest */;
			productType = "com.apple.product-type.bundle.ui-testing";
		};
/* End PBXNativeTarget section */

/* Begin PBXProject section */
		C4C0D7292A1CB8EB00FFE563 /* Project object */ = {
			isa = PBXProject;
			attributes = {
				BuildIndependentTargetsInParallel = 1;
				LastSwiftUpdateCheck = 1430;
				LastUpgradeCheck = 1430;
				TargetAttributes = {
					C4C0D7302A1CB8EB00FFE563 = {
						CreatedOnToolsVersion = 14.3;
					};
					C4C0D7462A1CB8F000FFE563 = {
						CreatedOnToolsVersion = 14.3;
						TestTargetID = C4C0D7302A1CB8EB00FFE563;
					};
					C4C0D7502A1CB8F000FFE563 = {
						CreatedOnToolsVersion = 14.3;
						TestTargetID = C4C0D7302A1CB8EB00FFE563;
					};
				};
			};
			buildConfigurationList = C4C0D72C2A1CB8EB00FFE563 /* Build configuration list for PBXProject "Playlist" */;
			compatibilityVersion = "Xcode 14.0";
			developmentRegion = en;
			hasScannedForEncodings = 0;
			knownRegions = (
				en,
				Base,
			);
			mainGroup = C4C0D7282A1CB8EB00FFE563;
			productRefGroup = C4C0D7322A1CB8EB00FFE563 /* Products */;
			projectDirPath = "";
			projectRoot = "";
			targets = (
				C4C0D7302A1CB8EB00FFE563 /* Playlist */,
				C4C0D7462A1CB8F000FFE563 /* PlaylistTests */,
				C4C0D7502A1CB8F000FFE563 /* PlaylistUITests */,
			);
		};
/* End PBXProject section */

/* Begin PBXResourcesBuildPhase section */
		C4C0D72F2A1CB8EB00FFE563 /* Resources */ = {
			isa = PBXResourcesBuildPhase;
			buildActionMask = 2147483647;
			files = (
				C4C0D7412A1CB8F000FFE563 /* LaunchScreen.storyboard in Resources */,
				C4C0D73E2A1CB8F000FFE563 /* Assets.xcassets in Resources */,
				C4C0D73C2A1CB8EB00FFE563 /* PlaylistScreen.storyboard in Resources */,
				C4C0D7972A1E170900FFE563 /* SongViewCell.xib in Resources */,
			);
			runOnlyForDeploymentPostprocessing = 0;
		};
		C4C0D7452A1CB8F000FFE563 /* Resources */ = {
			isa = PBXResourcesBuildPhase;
			buildActionMask = 2147483647;
			files = (
			);
			runOnlyForDeploymentPostprocessing = 0;
		};
		C4C0D74F2A1CB8F000FFE563 /* Resources */ = {
			isa = PBXResourcesBuildPhase;
			buildActionMask = 2147483647;
			files = (
			);
			runOnlyForDeploymentPostprocessing = 0;
		};
/* End PBXResourcesBuildPhase section */

/* Begin PBXSourcesBuildPhase section */
		C4C0D72D2A1CB8EB00FFE563 /* Sources */ = {
			isa = PBXSourcesBuildPhase;
			buildActionMask = 2147483647;
			files = (
				C4C0D7722A1CFA3B00FFE563 /* SongItemResponse.swift in Sources */,
				C4C0D7762A1CFAAA00FFE563 /* SongListResponse.swift in Sources */,
				C4C0D78E2A1DDBC200FFE563 /* Dependency.swift in Sources */,
				C4C0D7662A1CDA7100FFE563 /* PlaylistViewModel.swift in Sources */,
				C4C0D7812A1D32FF00FFE563 /* SongCellViewModel.swift in Sources */,
				C4C0D77D2A1D153200FFE563 /* SongViewCell.swift in Sources */,
				C4C0D7BA2A1E50D000FFE563 /* PlaylistDataModel.xcdatamodeld in Sources */,
				C4C0D76B2A1CF47600FFE563 /* APIEndpoint.swift in Sources */,
				C4C0D7902A1DECA400FFE563 /* AudioPlayerManager.swift in Sources */,
				C4C0D7792A1D0E7700FFE563 /* SongServiceProtocol.swift in Sources */,
				C4C0D7392A1CB8EB00FFE563 /* PlaylistViewController.swift in Sources */,
				C4C0D7B72A1E4F2C00FFE563 /* PersistenceManagerProtocol.swift in Sources */,
				C4C0D7842A1D332F00FFE563 /* SongCellViewModelProtocol.swift in Sources */,
				C4C0D7B52A1E4EE200FFE563 /* PersistenceManager.swift in Sources */,
				C4C0D78A2A1D623400FFE563 /* DownloadFileManagerProtocol.swift in Sources */,
				C4C0D76E2A1CF52B00FFE563 /* Config.swift in Sources */,
				C4C0D7922A1DED0200FFE563 /* AudioPlayerManagerProtocol.swift in Sources */,
				C4C0D7862A1D334C00FFE563 /* PlaylistViewModelProtocol.swift in Sources */,
				C4C0D7702A1CF69F00FFE563 /* SongService.swift in Sources */,
				C4C0D77F2A1D314C00FFE563 /* SongState.swift in Sources */,
				C4C0D7352A1CB8EB00FFE563 /* AppDelegate.swift in Sources */,
				C4C0D7682A1CE26D00FFE563 /* APIClient.swift in Sources */,
				C4C0D7372A1CB8EB00FFE563 /* SceneDelegate.swift in Sources */,
				C4C0D7882A1D532200FFE563 /* DownloadFileManager.swift in Sources */,
				C4C0D7952A1E0B6A00FFE563 /* ProgressView.swift in Sources */,
			);
			runOnlyForDeploymentPostprocessing = 0;
		};
		C4C0D7432A1CB8F000FFE563 /* Sources */ = {
			isa = PBXSourcesBuildPhase;
			buildActionMask = 2147483647;
			files = (
				C4C0D74C2A1CB8F000FFE563 /* PlaylistTests.swift in Sources */,
			);
			runOnlyForDeploymentPostprocessing = 0;
		};
		C4C0D74D2A1CB8F000FFE563 /* Sources */ = {
			isa = PBXSourcesBuildPhase;
			buildActionMask = 2147483647;
			files = (
				C4C0D7582A1CB8F100FFE563 /* PlaylistUITestsLaunchTests.swift in Sources */,
				C4C0D7562A1CB8F100FFE563 /* PlaylistUITests.swift in Sources */,
			);
			runOnlyForDeploymentPostprocessing = 0;
		};
/* End PBXSourcesBuildPhase section */

/* Begin PBXTargetDependency section */
		C4C0D7492A1CB8F000FFE563 /* PBXTargetDependency */ = {
			isa = PBXTargetDependency;
			target = C4C0D7302A1CB8EB00FFE563 /* Playlist */;
			targetProxy = C4C0D7482A1CB8F000FFE563 /* PBXContainerItemProxy */;
		};
		C4C0D7532A1CB8F000FFE563 /* PBXTargetDependency */ = {
			isa = PBXTargetDependency;
			target = C4C0D7302A1CB8EB00FFE563 /* Playlist */;
			targetProxy = C4C0D7522A1CB8F000FFE563 /* PBXContainerItemProxy */;
		};
/* End PBXTargetDependency section */

/* Begin PBXVariantGroup section */
		C4C0D73A2A1CB8EB00FFE563 /* PlaylistScreen.storyboard */ = {
			isa = PBXVariantGroup;
			children = (
				C4C0D73B2A1CB8EB00FFE563 /* Base */,
			);
			name = PlaylistScreen.storyboard;
			sourceTree = "<group>";
		};
		C4C0D73F2A1CB8F000FFE563 /* LaunchScreen.storyboard */ = {
			isa = PBXVariantGroup;
			children = (
				C4C0D7402A1CB8F000FFE563 /* Base */,
			);
			name = LaunchScreen.storyboard;
			sourceTree = "<group>";
		};
/* End PBXVariantGroup section */

/* Begin XCBuildConfiguration section */
		C4C0D7592A1CB8F100FFE563 /* Debug */ = {
			isa = XCBuildConfiguration;
			buildSettings = {
				ALWAYS_SEARCH_USER_PATHS = NO;
				CLANG_ANALYZER_NONNULL = YES;
				CLANG_ANALYZER_NUMBER_OBJECT_CONVERSION = YES_AGGRESSIVE;
				CLANG_CXX_LANGUAGE_STANDARD = "gnu++20";
				CLANG_ENABLE_MODULES = YES;
				CLANG_ENABLE_OBJC_ARC = YES;
				CLANG_ENABLE_OBJC_WEAK = YES;
				CLANG_WARN_BLOCK_CAPTURE_AUTORELEASING = YES;
				CLANG_WARN_BOOL_CONVERSION = YES;
				CLANG_WARN_COMMA = YES;
				CLANG_WARN_CONSTANT_CONVERSION = YES;
				CLANG_WARN_DEPRECATED_OBJC_IMPLEMENTATIONS = YES;
				CLANG_WARN_DIRECT_OBJC_ISA_USAGE = YES_ERROR;
				CLANG_WARN_DOCUMENTATION_COMMENTS = YES;
				CLANG_WARN_EMPTY_BODY = YES;
				CLANG_WARN_ENUM_CONVERSION = YES;
				CLANG_WARN_INFINITE_RECURSION = YES;
				CLANG_WARN_INT_CONVERSION = YES;
				CLANG_WARN_NON_LITERAL_NULL_CONVERSION = YES;
				CLANG_WARN_OBJC_IMPLICIT_RETAIN_SELF = YES;
				CLANG_WARN_OBJC_LITERAL_CONVERSION = YES;
				CLANG_WARN_OBJC_ROOT_CLASS = YES_ERROR;
				CLANG_WARN_QUOTED_INCLUDE_IN_FRAMEWORK_HEADER = YES;
				CLANG_WARN_RANGE_LOOP_ANALYSIS = YES;
				CLANG_WARN_STRICT_PROTOTYPES = YES;
				CLANG_WARN_SUSPICIOUS_MOVE = YES;
				CLANG_WARN_UNGUARDED_AVAILABILITY = YES_AGGRESSIVE;
				CLANG_WARN_UNREACHABLE_CODE = YES;
				CLANG_WARN__DUPLICATE_METHOD_MATCH = YES;
				COPY_PHASE_STRIP = NO;
				DEBUG_INFORMATION_FORMAT = dwarf;
				ENABLE_STRICT_OBJC_MSGSEND = YES;
				ENABLE_TESTABILITY = YES;
				GCC_C_LANGUAGE_STANDARD = gnu11;
				GCC_DYNAMIC_NO_PIC = NO;
				GCC_NO_COMMON_BLOCKS = YES;
				GCC_OPTIMIZATION_LEVEL = 0;
				GCC_PREPROCESSOR_DEFINITIONS = (
					"DEBUG=1",
					"$(inherited)",
				);
				GCC_WARN_64_TO_32_BIT_CONVERSION = YES;
				GCC_WARN_ABOUT_RETURN_TYPE = YES_ERROR;
				GCC_WARN_UNDECLARED_SELECTOR = YES;
				GCC_WARN_UNINITIALIZED_AUTOS = YES_AGGRESSIVE;
				GCC_WARN_UNUSED_FUNCTION = YES;
				GCC_WARN_UNUSED_VARIABLE = YES;
				IPHONEOS_DEPLOYMENT_TARGET = 16.4;
				MTL_ENABLE_DEBUG_INFO = INCLUDE_SOURCE;
				MTL_FAST_MATH = YES;
				ONLY_ACTIVE_ARCH = YES;
				SDKROOT = iphoneos;
				SWIFT_ACTIVE_COMPILATION_CONDITIONS = DEBUG;
				SWIFT_OPTIMIZATION_LEVEL = "-Onone";
			};
			name = Debug;
		};
		C4C0D75A2A1CB8F100FFE563 /* Release */ = {
			isa = XCBuildConfiguration;
			buildSettings = {
				ALWAYS_SEARCH_USER_PATHS = NO;
				CLANG_ANALYZER_NONNULL = YES;
				CLANG_ANALYZER_NUMBER_OBJECT_CONVERSION = YES_AGGRESSIVE;
				CLANG_CXX_LANGUAGE_STANDARD = "gnu++20";
				CLANG_ENABLE_MODULES = YES;
				CLANG_ENABLE_OBJC_ARC = YES;
				CLANG_ENABLE_OBJC_WEAK = YES;
				CLANG_WARN_BLOCK_CAPTURE_AUTORELEASING = YES;
				CLANG_WARN_BOOL_CONVERSION = YES;
				CLANG_WARN_COMMA = YES;
				CLANG_WARN_CONSTANT_CONVERSION = YES;
				CLANG_WARN_DEPRECATED_OBJC_IMPLEMENTATIONS = YES;
				CLANG_WARN_DIRECT_OBJC_ISA_USAGE = YES_ERROR;
				CLANG_WARN_DOCUMENTATION_COMMENTS = YES;
				CLANG_WARN_EMPTY_BODY = YES;
				CLANG_WARN_ENUM_CONVERSION = YES;
				CLANG_WARN_INFINITE_RECURSION = YES;
				CLANG_WARN_INT_CONVERSION = YES;
				CLANG_WARN_NON_LITERAL_NULL_CONVERSION = YES;
				CLANG_WARN_OBJC_IMPLICIT_RETAIN_SELF = YES;
				CLANG_WARN_OBJC_LITERAL_CONVERSION = YES;
				CLANG_WARN_OBJC_ROOT_CLASS = YES_ERROR;
				CLANG_WARN_QUOTED_INCLUDE_IN_FRAMEWORK_HEADER = YES;
				CLANG_WARN_RANGE_LOOP_ANALYSIS = YES;
				CLANG_WARN_STRICT_PROTOTYPES = YES;
				CLANG_WARN_SUSPICIOUS_MOVE = YES;
				CLANG_WARN_UNGUARDED_AVAILABILITY = YES_AGGRESSIVE;
				CLANG_WARN_UNREACHABLE_CODE = YES;
				CLANG_WARN__DUPLICATE_METHOD_MATCH = YES;
				COPY_PHASE_STRIP = NO;
				DEBUG_INFORMATION_FORMAT = "dwarf-with-dsym";
				ENABLE_NS_ASSERTIONS = NO;
				ENABLE_STRICT_OBJC_MSGSEND = YES;
				GCC_C_LANGUAGE_STANDARD = gnu11;
				GCC_NO_COMMON_BLOCKS = YES;
				GCC_WARN_64_TO_32_BIT_CONVERSION = YES;
				GCC_WARN_ABOUT_RETURN_TYPE = YES_ERROR;
				GCC_WARN_UNDECLARED_SELECTOR = YES;
				GCC_WARN_UNINITIALIZED_AUTOS = YES_AGGRESSIVE;
				GCC_WARN_UNUSED_FUNCTION = YES;
				GCC_WARN_UNUSED_VARIABLE = YES;
				IPHONEOS_DEPLOYMENT_TARGET = 16.4;
				MTL_ENABLE_DEBUG_INFO = NO;
				MTL_FAST_MATH = YES;
				SDKROOT = iphoneos;
				SWIFT_COMPILATION_MODE = wholemodule;
				SWIFT_OPTIMIZATION_LEVEL = "-O";
				VALIDATE_PRODUCT = YES;
			};
			name = Release;
		};
		C4C0D75C2A1CB8F100FFE563 /* Debug */ = {
			isa = XCBuildConfiguration;
			buildSettings = {
				ASSETCATALOG_COMPILER_APPICON_NAME = AppIcon;
				ASSETCATALOG_COMPILER_GLOBAL_ACCENT_COLOR_NAME = AccentColor;
				CODE_SIGN_STYLE = Automatic;
				CURRENT_PROJECT_VERSION = 1;
				DEVELOPMENT_TEAM = 8S86GX6ABX;
				GENERATE_INFOPLIST_FILE = YES;
				INFOPLIST_FILE = Playlist/Info.plist;
				INFOPLIST_KEY_CFBundleDisplayName = Playlist;
				INFOPLIST_KEY_UIApplicationSupportsIndirectInputEvents = YES;
				INFOPLIST_KEY_UILaunchStoryboardName = LaunchScreen;
				INFOPLIST_KEY_UIMainStoryboardFile = PlaylistScreen;
				INFOPLIST_KEY_UISupportedInterfaceOrientations = UIInterfaceOrientationPortrait;
				IPHONEOS_DEPLOYMENT_TARGET = 14.0;
				LD_RUNPATH_SEARCH_PATHS = (
					"$(inherited)",
					"@executable_path/Frameworks",
				);
				MARKETING_VERSION = 1.0;
				PRODUCT_BUNDLE_IDENTIFIER = com.practice.Playlist;
				PRODUCT_NAME = "$(TARGET_NAME)";
				SWIFT_EMIT_LOC_STRINGS = YES;
				SWIFT_VERSION = 5.0;
				TARGETED_DEVICE_FAMILY = "1,2";
			};
			name = Debug;
		};
		C4C0D75D2A1CB8F100FFE563 /* Release */ = {
			isa = XCBuildConfiguration;
			buildSettings = {
				ASSETCATALOG_COMPILER_APPICON_NAME = AppIcon;
				ASSETCATALOG_COMPILER_GLOBAL_ACCENT_COLOR_NAME = AccentColor;
				CODE_SIGN_STYLE = Automatic;
				CURRENT_PROJECT_VERSION = 1;
				DEVELOPMENT_TEAM = 8S86GX6ABX;
				GENERATE_INFOPLIST_FILE = YES;
				INFOPLIST_FILE = Playlist/Info.plist;
				INFOPLIST_KEY_CFBundleDisplayName = Playlist;
				INFOPLIST_KEY_UIApplicationSupportsIndirectInputEvents = YES;
				INFOPLIST_KEY_UILaunchStoryboardName = LaunchScreen;
				INFOPLIST_KEY_UIMainStoryboardFile = PlaylistScreen;
				INFOPLIST_KEY_UISupportedInterfaceOrientations = UIInterfaceOrientationPortrait;
				IPHONEOS_DEPLOYMENT_TARGET = 14.0;
				LD_RUNPATH_SEARCH_PATHS = (
					"$(inherited)",
					"@executable_path/Frameworks",
				);
				MARKETING_VERSION = 1.0;
				PRODUCT_BUNDLE_IDENTIFIER = com.practice.Playlist;
				PRODUCT_NAME = "$(TARGET_NAME)";
				SWIFT_EMIT_LOC_STRINGS = YES;
				SWIFT_VERSION = 5.0;
				TARGETED_DEVICE_FAMILY = "1,2";
			};
			name = Release;
		};
		C4C0D75F2A1CB8F100FFE563 /* Debug */ = {
			isa = XCBuildConfiguration;
			buildSettings = {
				ALWAYS_EMBED_SWIFT_STANDARD_LIBRARIES = YES;
				BUNDLE_LOADER = "$(TEST_HOST)";
				CODE_SIGN_STYLE = Automatic;
				CURRENT_PROJECT_VERSION = 1;
				DEVELOPMENT_TEAM = 8S86GX6ABX;
				GENERATE_INFOPLIST_FILE = YES;
				IPHONEOS_DEPLOYMENT_TARGET = 16.4;
				MARKETING_VERSION = 1.0;
				PRODUCT_BUNDLE_IDENTIFIER = com.practice.PlaylistTests;
				PRODUCT_NAME = "$(TARGET_NAME)";
				SWIFT_EMIT_LOC_STRINGS = NO;
				SWIFT_VERSION = 5.0;
				TARGETED_DEVICE_FAMILY = "1,2";
				TEST_HOST = "$(BUILT_PRODUCTS_DIR)/Playlist.app/$(BUNDLE_EXECUTABLE_FOLDER_PATH)/Playlist";
			};
			name = Debug;
		};
		C4C0D7602A1CB8F100FFE563 /* Release */ = {
			isa = XCBuildConfiguration;
			buildSettings = {
				ALWAYS_EMBED_SWIFT_STANDARD_LIBRARIES = YES;
				BUNDLE_LOADER = "$(TEST_HOST)";
				CODE_SIGN_STYLE = Automatic;
				CURRENT_PROJECT_VERSION = 1;
				DEVELOPMENT_TEAM = 8S86GX6ABX;
				GENERATE_INFOPLIST_FILE = YES;
				IPHONEOS_DEPLOYMENT_TARGET = 16.4;
				MARKETING_VERSION = 1.0;
				PRODUCT_BUNDLE_IDENTIFIER = com.practice.PlaylistTests;
				PRODUCT_NAME = "$(TARGET_NAME)";
				SWIFT_EMIT_LOC_STRINGS = NO;
				SWIFT_VERSION = 5.0;
				TARGETED_DEVICE_FAMILY = "1,2";
				TEST_HOST = "$(BUILT_PRODUCTS_DIR)/Playlist.app/$(BUNDLE_EXECUTABLE_FOLDER_PATH)/Playlist";
			};
			name = Release;
		};
		C4C0D7622A1CB8F100FFE563 /* Debug */ = {
			isa = XCBuildConfiguration;
			buildSettings = {
				ALWAYS_EMBED_SWIFT_STANDARD_LIBRARIES = YES;
				CODE_SIGN_STYLE = Automatic;
				CURRENT_PROJECT_VERSION = 1;
				DEVELOPMENT_TEAM = 8S86GX6ABX;
				GENERATE_INFOPLIST_FILE = YES;
				MARKETING_VERSION = 1.0;
				PRODUCT_BUNDLE_IDENTIFIER = com.practice.PlaylistUITests;
				PRODUCT_NAME = "$(TARGET_NAME)";
				SWIFT_EMIT_LOC_STRINGS = NO;
				SWIFT_VERSION = 5.0;
				TARGETED_DEVICE_FAMILY = "1,2";
				TEST_TARGET_NAME = Playlist;
			};
			name = Debug;
		};
		C4C0D7632A1CB8F100FFE563 /* Release */ = {
			isa = XCBuildConfiguration;
			buildSettings = {
				ALWAYS_EMBED_SWIFT_STANDARD_LIBRARIES = YES;
				CODE_SIGN_STYLE = Automatic;
				CURRENT_PROJECT_VERSION = 1;
				DEVELOPMENT_TEAM = 8S86GX6ABX;
				GENERATE_INFOPLIST_FILE = YES;
				MARKETING_VERSION = 1.0;
				PRODUCT_BUNDLE_IDENTIFIER = com.practice.PlaylistUITests;
				PRODUCT_NAME = "$(TARGET_NAME)";
				SWIFT_EMIT_LOC_STRINGS = NO;
				SWIFT_VERSION = 5.0;
				TARGETED_DEVICE_FAMILY = "1,2";
				TEST_TARGET_NAME = Playlist;
			};
			name = Release;
		};
/* End XCBuildConfiguration section */

/* Begin XCConfigurationList section */
		C4C0D72C2A1CB8EB00FFE563 /* Build configuration list for PBXProject "Playlist" */ = {
			isa = XCConfigurationList;
			buildConfigurations = (
				C4C0D7592A1CB8F100FFE563 /* Debug */,
				C4C0D75A2A1CB8F100FFE563 /* Release */,
			);
			defaultConfigurationIsVisible = 0;
			defaultConfigurationName = Release;
		};
		C4C0D75B2A1CB8F100FFE563 /* Build configuration list for PBXNativeTarget "Playlist" */ = {
			isa = XCConfigurationList;
			buildConfigurations = (
				C4C0D75C2A1CB8F100FFE563 /* Debug */,
				C4C0D75D2A1CB8F100FFE563 /* Release */,
			);
			defaultConfigurationIsVisible = 0;
			defaultConfigurationName = Release;
		};
		C4C0D75E2A1CB8F100FFE563 /* Build configuration list for PBXNativeTarget "PlaylistTests" */ = {
			isa = XCConfigurationList;
			buildConfigurations = (
				C4C0D75F2A1CB8F100FFE563 /* Debug */,
				C4C0D7602A1CB8F100FFE563 /* Release */,
			);
			defaultConfigurationIsVisible = 0;
			defaultConfigurationName = Release;
		};
		C4C0D7612A1CB8F100FFE563 /* Build configuration list for PBXNativeTarget "PlaylistUITests" */ = {
			isa = XCConfigurationList;
			buildConfigurations = (
				C4C0D7622A1CB8F100FFE563 /* Debug */,
				C4C0D7632A1CB8F100FFE563 /* Release */,
			);
			defaultConfigurationIsVisible = 0;
			defaultConfigurationName = Release;
		};
/* End XCConfigurationList section */

/* Begin XCVersionGroup section */
		C4C0D7B82A1E50D000FFE563 /* PlaylistDataModel.xcdatamodeld */ = {
			isa = XCVersionGroup;
			children = (
				C4C0D7B92A1E50D000FFE563 /* PlaylistDataModel.xcdatamodel */,
			);
			currentVersion = C4C0D7B92A1E50D000FFE563 /* PlaylistDataModel.xcdatamodel */;
			path = PlaylistDataModel.xcdatamodeld;
			sourceTree = "<group>";
			versionGroupType = wrapper.xcdatamodel;
		};
/* End XCVersionGroup section */
	};
	rootObject = C4C0D7292A1CB8EB00FFE563 /* Project object */;
}
